
Microsoft Visual Studio Solution File, Format Version 12.00
# Visual Studio Version 16
VisualStudioVersion = 16.0.31624.102
MinimumVisualStudioVersion = 10.0.40219.1
Project("{9A19103F-16F7-4668-BE54-9A1E7A4F7556}") = "NgOtthonbazar", "NgOtthonbazar.csproj", "{B418BBD5-E6F1-4353-A11B-4534E128F2CF}"
EndProject
Global
	GlobalSection(SolutionConfigurationPlatforms) = preSolution
		Debug|Any CPU = Debug|Any CPU
		Release|Any CPU = Release|Any CPU
	EndGlobalSection
	GlobalSection(ProjectConfigurationPlatforms) = postSolution
		{B418BBD5-E6F1-4353-A11B-4534E128F2CF}.Debug|Any CPU.ActiveCfg = Debug|Any CPU
		{B418BBD5-E6F1-4353-A11B-4534E128F2CF}.Debug|Any CPU.Build.0 = Debug|Any CPU
		{B418BBD5-E6F1-4353-A11B-4534E128F2CF}.Release|Any CPU.ActiveCfg = Release|Any CPU
		{B418BBD5-E6F1-4353-A11B-4534E128F2CF}.Release|Any CPU.Build.0 = Release|Any CPU
	EndGlobalSection
	GlobalSection(SolutionProperties) = preSolution
		HideSolutionNode = FALSE
	EndGlobalSection
	GlobalSection(ExtensibilityGlobals) = postSolution
		SolutionGuid = {B7CBDD80-6E68-4D78-ABB9-B6B4D4C64C70}
	EndGlobalSection
EndGlobal
